// !$*UTF8*$!
{
	archiveVersion = 1;
	classes = {
	};
	objectVersion = 56;
	objects = {

/* Begin PBXBuildFile section */
		1C4373C22A08DF86004A766C /* FeedFeatureProject.docc in Sources */ = {isa = PBXBuildFile; fileRef = 1C4373C12A08DF86004A766C /* FeedFeatureProject.docc */; };
		1C4373C82A08DF86004A766C /* FeedFeatureProject.framework in Frameworks */ = {isa = PBXBuildFile; fileRef = 1C4373BD2A08DF86004A766C /* FeedFeatureProject.framework */; };
		1C4373CD2A08DF86004A766C /* FeedFeatureProjectTests.swift in Sources */ = {isa = PBXBuildFile; fileRef = 1C4373CC2A08DF86004A766C /* FeedFeatureProjectTests.swift */; };
		1C4373CE2A08DF86004A766C /* FeedFeatureProject.h in Headers */ = {isa = PBXBuildFile; fileRef = 1C4373C02A08DF86004A766C /* FeedFeatureProject.h */; settings = {ATTRIBUTES = (Public, ); }; };
		1C4373D82A08DFC2004A766C /* FeedItem.swift in Sources */ = {isa = PBXBuildFile; fileRef = 1C4373D72A08DFC2004A766C /* FeedItem.swift */; };
		1C4373DA2A08E03D004A766C /* FeedLoader.swift in Sources */ = {isa = PBXBuildFile; fileRef = 1C4373D92A08E03D004A766C /* FeedLoader.swift */; };
/* End PBXBuildFile section */

/* Begin PBXContainerItemProxy section */
		1C4373C92A08DF86004A766C /* PBXContainerItemProxy */ = {
			isa = PBXContainerItemProxy;
			containerPortal = 1C4373B42A08DF86004A766C /* Project object */;
			proxyType = 1;
			remoteGlobalIDString = 1C4373BC2A08DF86004A766C;
			remoteInfo = FeedFeatureProject;
		};
/* End PBXContainerItemProxy section */

/* Begin PBXFileReference section */
		1C4373BD2A08DF86004A766C /* FeedFeatureProject.framework */ = {isa = PBXFileReference; explicitFileType = wrapper.framework; includeInIndex = 0; path = FeedFeatureProject.framework; sourceTree = BUILT_PRODUCTS_DIR; };
		1C4373C02A08DF86004A766C /* FeedFeatureProject.h */ = {isa = PBXFileReference; lastKnownFileType = sourcecode.c.h; path = FeedFeatureProject.h; sourceTree = "<group>"; };
		1C4373C12A08DF86004A766C /* FeedFeatureProject.docc */ = {isa = PBXFileReference; lastKnownFileType = folder.documentationcatalog; path = FeedFeatureProject.docc; sourceTree = "<group>"; };
		1C4373C72A08DF86004A766C /* FeedFeatureProjectTests.xctest */ = {isa = PBXFileReference; explicitFileType = wrapper.cfbundle; includeInIndex = 0; path = FeedFeatureProjectTests.xctest; sourceTree = BUILT_PRODUCTS_DIR; };
		1C4373CC2A08DF86004A766C /* FeedFeatureProjectTests.swift */ = {isa = PBXFileReference; lastKnownFileType = sourcecode.swift; path = FeedFeatureProjectTests.swift; sourceTree = "<group>"; };
		1C4373D72A08DFC2004A766C /* FeedItem.swift */ = {isa = PBXFileReference; lastKnownFileType = sourcecode.swift; path = FeedItem.swift; sourceTree = "<group>"; };
		1C4373D92A08E03D004A766C /* FeedLoader.swift */ = {isa = PBXFileReference; lastKnownFileType = sourcecode.swift; path = FeedLoader.swift; sourceTree = "<group>"; };
/* End PBXFileReference section */

/* Begin PBXFrameworksBuildPhase section */
		1C4373BA2A08DF86004A766C /* Frameworks */ = {
			isa = PBXFrameworksBuildPhase;
			buildActionMask = 2147483647;
			files = (
			);
			runOnlyForDeploymentPostprocessing = 0;
		};
		1C4373C42A08DF86004A766C /* Frameworks */ = {
			isa = PBXFrameworksBuildPhase;
			buildActionMask = 2147483647;
			files = (
				1C4373C82A08DF86004A766C /* FeedFeatureProject.framework in Frameworks */,
			);
			runOnlyForDeploymentPostprocessing = 0;
		};
/* End PBXFrameworksBuildPhase section */

/* Begin PBXGroup section */
		1C4373B32A08DF86004A766C = {
			isa = PBXGroup;
			children = (
				1C4373BF2A08DF86004A766C /* FeedFeatureProject */,
				1C4373CB2A08DF86004A766C /* FeedFeatureProjectTests */,
				1C4373BE2A08DF86004A766C /* Products */,
			);
			sourceTree = "<group>";
		};
		1C4373BE2A08DF86004A766C /* Products */ = {
			isa = PBXGroup;
			children = (
				1C4373BD2A08DF86004A766C /* FeedFeatureProject.framework */,
				1C4373C72A08DF86004A766C /* FeedFeatureProjectTests.xctest */,
			);
			name = Products;
			sourceTree = "<group>";
		};
		1C4373BF2A08DF86004A766C /* FeedFeatureProject */ = {
			isa = PBXGroup;
			children = (
				1C4373C02A08DF86004A766C /* FeedFeatureProject.h */,
				1C4373C12A08DF86004A766C /* FeedFeatureProject.docc */,
				1C4373D72A08DFC2004A766C /* FeedItem.swift */,
				1C4373D92A08E03D004A766C /* FeedLoader.swift */,
			);
			path = FeedFeatureProject;
			sourceTree = "<group>";
		};
		1C4373CB2A08DF86004A766C /* FeedFeatureProjectTests */ = {
			isa = PBXGroup;
			children = (
				1C4373CC2A08DF86004A766C /* FeedFeatureProjectTests.swift */,
			);
			path = FeedFeatureProjectTests;
			sourceTree = "<group>";
		};
/* End PBXGroup section */

/* Begin PBXHeadersBuildPhase section */
		1C4373B82A08DF86004A766C /* Headers */ = {
			isa = PBXHeadersBuildPhase;
			buildActionMask = 2147483647;
			files = (
				1C4373CE2A08DF86004A766C /* FeedFeatureProject.h in Headers */,
			);
			runOnlyForDeploymentPostprocessing = 0;
		};
/* End PBXHeadersBuildPhase section */

/* Begin PBXNativeTarget section */
		1C4373BC2A08DF86004A766C /* FeedFeatureProject */ = {
			isa = PBXNativeTarget;
			buildConfigurationList = 1C4373D12A08DF86004A766C /* Build configuration list for PBXNativeTarget "FeedFeatureProject" */;
			buildPhases = (
				1C4373B82A08DF86004A766C /* Headers */,
				1C4373B92A08DF86004A766C /* Sources */,
				1C4373BA2A08DF86004A766C /* Frameworks */,
				1C4373BB2A08DF86004A766C /* Resources */,
			);
			buildRules = (
			);
			dependencies = (
			);
			name = FeedFeatureProject;
			productName = FeedFeatureProject;
			productReference = 1C4373BD2A08DF86004A766C /* FeedFeatureProject.framework */;
			productType = "com.apple.product-type.framework";
		};
		1C4373C62A08DF86004A766C /* FeedFeatureProjectTests */ = {
			isa = PBXNativeTarget;
			buildConfigurationList = 1C4373D42A08DF86004A766C /* Build configuration list for PBXNativeTarget "FeedFeatureProjectTests" */;
			buildPhases = (
				1C4373C32A08DF86004A766C /* Sources */,
				1C4373C42A08DF86004A766C /* Frameworks */,
				1C4373C52A08DF86004A766C /* Resources */,
			);
			buildRules = (
			);
			dependencies = (
				1C4373CA2A08DF86004A766C /* PBXTargetDependency */,
			);
			name = FeedFeatureProjectTests;
			productName = FeedFeatureProjectTests;
			productReference = 1C4373C72A08DF86004A766C /* FeedFeatureProjectTests.xctest */;
			productType = "com.apple.product-type.bundle.unit-test";
		};
/* End PBXNativeTarget section */

/* Begin PBXProject section */
		1C4373B42A08DF86004A766C /* Project object */ = {
			isa = PBXProject;
			attributes = {
				BuildIndependentTargetsInParallel = 1;
				LastSwiftUpdateCheck = 1430;
				LastUpgradeCheck = 1430;
				TargetAttributes = {
					1C4373BC2A08DF86004A766C = {
						CreatedOnToolsVersion = 14.3;
					};
					1C4373C62A08DF86004A766C = {
						CreatedOnToolsVersion = 14.3;
					};
				};
			};
			buildConfigurationList = 1C4373B72A08DF86004A766C /* Build configuration list for PBXProject "FeedFeatureProject" */;
			compatibilityVersion = "Xcode 14.0";
			developmentRegion = en;
			hasScannedForEncodings = 0;
			knownRegions = (
				en,
				Base,
			);
			mainGroup = 1C4373B32A08DF86004A766C;
			productRefGroup = 1C4373BE2A08DF86004A766C /* Products */;
			projectDirPath = "";
			projectRoot = "";
			targets = (
				1C4373BC2A08DF86004A766C /* FeedFeatureProject */,
				1C4373C62A08DF86004A766C /* FeedFeatureProjectTests */,
			);
		};
/* End PBXProject section */

/* Begin PBXResourcesBuildPhase section */
		1C4373BB2A08DF86004A766C /* Resources */ = {
			isa = PBXResourcesBuildPhase;
			buildActionMask = 2147483647;
			files = (
			);
			runOnlyForDeploymentPostprocessing = 0;
		};
		1C4373C52A08DF86004A766C /* Resources */ = {
			isa = PBXResourcesBuildPhase;
			buildActionMask = 2147483647;
			files = (
			);
			runOnlyForDeploymentPostprocessing = 0;
		};
/* End PBXResourcesBuildPhase section */

/* Begin PBXSourcesBuildPhase section */
		1C4373B92A08DF86004A766C /* Sources */ = {
			isa = PBXSourcesBuildPhase;
			buildActionMask = 2147483647;
			files = (
				1C4373DA2A08E03D004A766C /* FeedLoader.swift in Sources */,
				1C4373D82A08DFC2004A766C /* FeedItem.swift in Sources */,
				1C4373C22A08DF86004A766C /* FeedFeatureProject.docc in Sources */,
			);
			runOnlyForDeploymentPostprocessing = 0;
		};
		1C4373C32A08DF86004A766C /* Sources */ = {
			isa = PBXSourcesBuildPhase;
			buildActionMask = 2147483647;
			files = (
				1C4373CD2A08DF86004A766C /* FeedFeatureProjectTests.swift in Sources */,
			);
			runOnlyForDeploymentPostprocessing = 0;
		};
/* End PBXSourcesBuildPhase section */

/* Begin PBXTargetDependency section */
		1C4373CA2A08DF86004A766C /* PBXTargetDependency */ = {
			isa = PBXTargetDependency;
			target = 1C4373BC2A08DF86004A766C /* FeedFeatureProject */;
			targetProxy = 1C4373C92A08DF86004A766C /* PBXContainerItemProxy */;
		};
/* End PBXTargetDependency section */

/* Begin XCBuildConfiguration section */
		1C4373CF2A08DF86004A766C /* Debug */ = {
			isa = XCBuildConfiguration;
			buildSettings = {
				ALWAYS_SEARCH_USER_PATHS = NO;
				CLANG_ANALYZER_NONNULL = YES;
				CLANG_ANALYZER_NUMBER_OBJECT_CONVERSION = YES_AGGRESSIVE;
				CLANG_CXX_LANGUAGE_STANDARD = "gnu++20";
				CLANG_ENABLE_MODULES = YES;
				CLANG_ENABLE_OBJC_ARC = YES;
				CLANG_ENABLE_OBJC_WEAK = YES;
				CLANG_WARN_BLOCK_CAPTURE_AUTORELEASING = YES;
				CLANG_WARN_BOOL_CONVERSION = YES;
				CLANG_WARN_COMMA = YES;
				CLANG_WARN_CONSTANT_CONVERSION = YES;
				CLANG_WARN_DEPRECATED_OBJC_IMPLEMENTATIONS = YES;
				CLANG_WARN_DIRECT_OBJC_ISA_USAGE = YES_ERROR;
				CLANG_WARN_DOCUMENTATION_COMMENTS = YES;
				CLANG_WARN_EMPTY_BODY = YES;
				CLANG_WARN_ENUM_CONVERSION = YES;
				CLANG_WARN_INFINITE_RECURSION = YES;
				CLANG_WARN_INT_CONVERSION = YES;
				CLANG_WARN_NON_LITERAL_NULL_CONVERSION = YES;
				CLANG_WARN_OBJC_IMPLICIT_RETAIN_SELF = YES;
				CLANG_WARN_OBJC_LITERAL_CONVERSION = YES;
				CLANG_WARN_OBJC_ROOT_CLASS = YES_ERROR;
				CLANG_WARN_QUOTED_INCLUDE_IN_FRAMEWORK_HEADER = YES;
				CLANG_WARN_RANGE_LOOP_ANALYSIS = YES;
				CLANG_WARN_STRICT_PROTOTYPES = YES;
				CLANG_WARN_SUSPICIOUS_MOVE = YES;
				CLANG_WARN_UNGUARDED_AVAILABILITY = YES_AGGRESSIVE;
				CLANG_WARN_UNREACHABLE_CODE = YES;
				CLANG_WARN__DUPLICATE_METHOD_MATCH = YES;
				COPY_PHASE_STRIP = NO;
				CURRENT_PROJECT_VERSION = 1;
				DEBUG_INFORMATION_FORMAT = dwarf;
				ENABLE_STRICT_OBJC_MSGSEND = YES;
				ENABLE_TESTABILITY = YES;
				GCC_C_LANGUAGE_STANDARD = gnu11;
				GCC_DYNAMIC_NO_PIC = NO;
				GCC_NO_COMMON_BLOCKS = YES;
				GCC_OPTIMIZATION_LEVEL = 0;
				GCC_PREPROCESSOR_DEFINITIONS = (
					"DEBUG=1",
					"$(inherited)",
				);
				GCC_WARN_64_TO_32_BIT_CONVERSION = YES;
				GCC_WARN_ABOUT_RETURN_TYPE = YES_ERROR;
				GCC_WARN_UNDECLARED_SELECTOR = YES;
				GCC_WARN_UNINITIALIZED_AUTOS = YES_AGGRESSIVE;
				GCC_WARN_UNUSED_FUNCTION = YES;
				GCC_WARN_UNUSED_VARIABLE = YES;
				MACOSX_DEPLOYMENT_TARGET = 13.1;
				MTL_ENABLE_DEBUG_INFO = INCLUDE_SOURCE;
				MTL_FAST_MATH = YES;
				ONLY_ACTIVE_ARCH = YES;
				SDKROOT = macosx;
				SWIFT_ACTIVE_COMPILATION_CONDITIONS = DEBUG;
				SWIFT_OPTIMIZATION_LEVEL = "-Onone";
				VERSIONING_SYSTEM = "apple-generic";
				VERSION_INFO_PREFIX = "";
			};
			name = Debug;
		};
		1C4373D02A08DF86004A766C /* Release */ = {
			isa = XCBuildConfiguration;
			buildSettings = {
				ALWAYS_SEARCH_USER_PATHS = NO;
				CLANG_ANALYZER_NONNULL = YES;
				CLANG_ANALYZER_NUMBER_OBJECT_CONVERSION = YES_AGGRESSIVE;
				CLANG_CXX_LANGUAGE_STANDARD = "gnu++20";
				CLANG_ENABLE_MODULES = YES;
				CLANG_ENABLE_OBJC_ARC = YES;
				CLANG_ENABLE_OBJC_WEAK = YES;
				CLANG_WARN_BLOCK_CAPTURE_AUTORELEASING = YES;
				CLANG_WARN_BOOL_CONVERSION = YES;
				CLANG_WARN_COMMA = YES;
				CLANG_WARN_CONSTANT_CONVERSION = YES;
				CLANG_WARN_DEPRECATED_OBJC_IMPLEMENTATIONS = YES;
				CLANG_WARN_DIRECT_OBJC_ISA_USAGE = YES_ERROR;
				CLANG_WARN_DOCUMENTATION_COMMENTS = YES;
				CLANG_WARN_EMPTY_BODY = YES;
				CLANG_WARN_ENUM_CONVERSION = YES;
				CLANG_WARN_INFINITE_RECURSION = YES;
				CLANG_WARN_INT_CONVERSION = YES;
				CLANG_WARN_NON_LITERAL_NULL_CONVERSION = YES;
				CLANG_WARN_OBJC_IMPLICIT_RETAIN_SELF = YES;
				CLANG_WARN_OBJC_LITERAL_CONVERSION = YES;
				CLANG_WARN_OBJC_ROOT_CLASS = YES_ERROR;
				CLANG_WARN_QUOTED_INCLUDE_IN_FRAMEWORK_HEADER = YES;
				CLANG_WARN_RANGE_LOOP_ANALYSIS = YES;
				CLANG_WARN_STRICT_PROTOTYPES = YES;
				CLANG_WARN_SUSPICIOUS_MOVE = YES;
				CLANG_WARN_UNGUARDED_AVAILABILITY = YES_AGGRESSIVE;
				CLANG_WARN_UNREACHABLE_CODE = YES;
				CLANG_WARN__DUPLICATE_METHOD_MATCH = YES;
				COPY_PHASE_STRIP = NO;
				CURRENT_PROJECT_VERSION = 1;
				DEBUG_INFORMATION_FORMAT = "dwarf-with-dsym";
				ENABLE_NS_ASSERTIONS = NO;
				ENABLE_STRICT_OBJC_MSGSEND = YES;
				GCC_C_LANGUAGE_STANDARD = gnu11;
				GCC_NO_COMMON_BLOCKS = YES;
				GCC_WARN_64_TO_32_BIT_CONVERSION = YES;
				GCC_WARN_ABOUT_RETURN_TYPE = YES_ERROR;
				GCC_WARN_UNDECLARED_SELECTOR = YES;
				GCC_WARN_UNINITIALIZED_AUTOS = YES_AGGRESSIVE;
				GCC_WARN_UNUSED_FUNCTION = YES;
				GCC_WARN_UNUSED_VARIABLE = YES;
				MACOSX_DEPLOYMENT_TARGET = 13.1;
				MTL_ENABLE_DEBUG_INFO = NO;
				MTL_FAST_MATH = YES;
				SDKROOT = macosx;
				SWIFT_COMPILATION_MODE = wholemodule;
				SWIFT_OPTIMIZATION_LEVEL = "-O";
				VERSIONING_SYSTEM = "apple-generic";
				VERSION_INFO_PREFIX = "";
			};
			name = Release;
		};
		1C4373D22A08DF86004A766C /* Debug */ = {
			isa = XCBuildConfiguration;
			buildSettings = {
				CODE_SIGN_STYLE = Automatic;
				COMBINE_HIDPI_IMAGES = YES;
				CURRENT_PROJECT_VERSION = 1;
				DEFINES_MODULE = YES;
				DEVELOPMENT_TEAM = HP6WDMAW63;
				DYLIB_COMPATIBILITY_VERSION = 1;
				DYLIB_CURRENT_VERSION = 1;
				DYLIB_INSTALL_NAME_BASE = "@rpath";
				ENABLE_MODULE_VERIFIER = YES;
				GENERATE_INFOPLIST_FILE = YES;
				INFOPLIST_KEY_NSHumanReadableCopyright = "";
				INSTALL_PATH = "$(LOCAL_LIBRARY_DIR)/Frameworks";
				LD_RUNPATH_SEARCH_PATHS = (
					"$(inherited)",
					"@executable_path/../Frameworks",
					"@loader_path/Frameworks",
				);
				MARKETING_VERSION = 1.0;
				MODULE_VERIFIER_SUPPORTED_LANGUAGES = "objective-c objective-c++";
				MODULE_VERIFIER_SUPPORTED_LANGUAGE_STANDARDS = "gnu11 gnu++20";
				PRODUCT_BUNDLE_IDENTIFIER = com.sahil.satralkar.FeedFeatureProject;
				PRODUCT_NAME = "$(TARGET_NAME:c99extidentifier)";
				SKIP_INSTALL = YES;
				SWIFT_EMIT_LOC_STRINGS = YES;
				SWIFT_VERSION = 5.0;
			};
			name = Debug;
		};
		1C4373D32A08DF86004A766C /* Release */ = {
			isa = XCBuildConfiguration;
			buildSettings = {
				CODE_SIGN_STYLE = Automatic;
				COMBINE_HIDPI_IMAGES = YES;
				CURRENT_PROJECT_VERSION = 1;
				DEFINES_MODULE = YES;
				DEVELOPMENT_TEAM = HP6WDMAW63;
				DYLIB_COMPATIBILITY_VERSION = 1;
				DYLIB_CURRENT_VERSION = 1;
				DYLIB_INSTALL_NAME_BASE = "@rpath";
				ENABLE_MODULE_VERIFIER = YES;
				GENERATE_INFOPLIST_FILE = YES;
				INFOPLIST_KEY_NSHumanReadableCopyright = "";
				INSTALL_PATH = "$(LOCAL_LIBRARY_DIR)/Frameworks";
				LD_RUNPATH_SEARCH_PATHS = (
					"$(inherited)",
					"@executable_path/../Frameworks",
					"@loader_path/Frameworks",
				);
				MARKETING_VERSION = 1.0;
				MODULE_VERIFIER_SUPPORTED_LANGUAGES = "objective-c objective-c++";
				MODULE_VERIFIER_SUPPORTED_LANGUAGE_STANDARDS = "gnu11 gnu++20";
				PRODUCT_BUNDLE_IDENTIFIER = com.sahil.satralkar.FeedFeatureProject;
				PRODUCT_NAME = "$(TARGET_NAME:c99extidentifier)";
				SKIP_INSTALL = YES;
				SWIFT_EMIT_LOC_STRINGS = YES;
				SWIFT_VERSION = 5.0;
			};
			name = Release;
		};
		1C4373D52A08DF86004A766C /* Debug */ = {
			isa = XCBuildConfiguration;
			buildSettings = {
				ALWAYS_EMBED_SWIFT_STANDARD_LIBRARIES = YES;
				CODE_SIGN_STYLE = Automatic;
				CURRENT_PROJECT_VERSION = 1;
				DEVELOPMENT_TEAM = HP6WDMAW63;
				GENERATE_INFOPLIST_FILE = YES;
				MARKETING_VERSION = 1.0;
				PRODUCT_BUNDLE_IDENTIFIER = com.sahil.satralkar.FeedFeatureProjectTests;
				PRODUCT_NAME = "$(TARGET_NAME)";
				SWIFT_EMIT_LOC_STRINGS = NO;
				SWIFT_VERSION = 5.0;
			};
			name = Debug;
		};
		1C4373D62A08DF86004A766C /* Release */ = {
			isa = XCBuildConfiguration;
			buildSettings = {
				ALWAYS_EMBED_SWIFT_STANDARD_LIBRARIES = YES;
				CODE_SIGN_STYLE = Automatic;
				CURRENT_PROJECT_VERSION = 1;
				DEVELOPMENT_TEAM = HP6WDMAW63;
				GENERATE_INFOPLIST_FILE = YES;
				MARKETING_VERSION = 1.0;
				PRODUCT_BUNDLE_IDENTIFIER = com.sahil.satralkar.FeedFeatureProjectTests;
				PRODUCT_NAME = "$(TARGET_NAME)";
				SWIFT_EMIT_LOC_STRINGS = NO;
				SWIFT_VERSION = 5.0;
			};
			name = Release;
		};
/* End XCBuildConfiguration section */

/* Begin XCConfigurationList section */
		1C4373B72A08DF86004A766C /* Build configuration list for PBXProject "FeedFeatureProject" */ = {
			isa = XCConfigurationList;
			buildConfigurations = (
				1C4373CF2A08DF86004A766C /* Debug */,
				1C4373D02A08DF86004A766C /* Release */,
			);
			defaultConfigurationIsVisible = 0;
			defaultConfigurationName = Release;
		};
		1C4373D12A08DF86004A766C /* Build configuration list for PBXNativeTarget "FeedFeatureProject" */ = {
			isa = XCConfigurationList;
			buildConfigurations = (
				1C4373D22A08DF86004A766C /* Debug */,
				1C4373D32A08DF86004A766C /* Release */,
			);
			defaultConfigurationIsVisible = 0;
			defaultConfigurationName = Release;
		};
		1C4373D42A08DF86004A766C /* Build configuration list for PBXNativeTarget "FeedFeatureProjectTests" */ = {
			isa = XCConfigurationList;
			buildConfigurations = (
				1C4373D52A08DF86004A766C /* Debug */,
				1C4373D62A08DF86004A766C /* Release */,
			);
			defaultConfigurationIsVisible = 0;
			defaultConfigurationName = Release;
		};
/* End XCConfigurationList section */
	};
	rootObject = 1C4373B42A08DF86004A766C /* Project object */;
}
